
Microsoft Visual Studio Solution File, Format Version 12.00
# Visual Studio 2013
VisualStudioVersion = 12.0.21005.1
MinimumVisualStudioVersion = 10.0.40219.1
Project("{FAE04EC0-301F-11D3-BF4B-00C04F79EFBC}") = "SBMS", "SBMS\SBMS.csproj", "{6865601C-0B94-487C-AB0A-78E2195EDDDA}"
EndProject
Project("{2150E333-8FDC-42A3-9474-1A3956D46DE8}") = "Business", "Business", "{10297B3E-9EBA-4D69-A72D-C40589293C0A}"
EndProject
Project("{2150E333-8FDC-42A3-9474-1A3956D46DE8}") = "Common", "Common", "{77906AD2-31B6-49E5-A881-2D5287A56A4C}"
EndProject
Project("{2150E333-8FDC-42A3-9474-1A3956D46DE8}") = "Shell", "Shell", "{2B9A7787-09B9-47C6-8179-56ABA66F5B9A}"
EndProject
Project("{FAE04EC0-301F-11D3-BF4B-00C04F79EFBC}") = "EkushApp.ShellService", "EkushApp.ShellService\EkushApp.ShellService.csproj", "{91914D22-6E6C-4292-9092-37931B1DBF65}"
EndProject
Project("{FAE04EC0-301F-11D3-BF4B-00C04F79EFBC}") = "EkushApp.Logging", "EkushApp.Logging\EkushApp.Logging.csproj", "{446DBFB2-A153-4A98-88EA-883D7B8BDCF1}"
EndProject
Project("{FAE04EC0-301F-11D3-BF4B-00C04F79EFBC}") = "EkushApp.Localization", "EkushApp.Localization\EkushApp.Localization.csproj", "{93F79FCA-4502-472B-A3AD-EE69F941EDEA}"
EndProject
Project("{FAE04EC0-301F-11D3-BF4B-00C04F79EFBC}") = "EkushApp.Utility", "EkushApp.Utility\EkushApp.Utility.csproj", "{5155F1FD-7A71-4E7C-AF47-18C6B250B342}"
EndProject
Project("{FAE04EC0-301F-11D3-BF4B-00C04F79EFBC}") = "EkushApp.WpfControls", "EkushApp.WpfControls\EkushApp.WpfControls.csproj", "{D2ED810A-9246-4F83-84E0-92B75DFC903D}"
EndProject
Project("{FAE04EC0-301F-11D3-BF4B-00C04F79EFBC}") = "SBMS.Infrastructure", "SBMS.Infrastructure\SBMS.Infrastructure.csproj", "{3E51F096-5B92-4E61-9598-73ACAA9475F8}"
EndProject
Project("{FAE04EC0-301F-11D3-BF4B-00C04F79EFBC}") = "EkushApp.EmbededDB", "EkushApp.EmbededDB\EkushApp.EmbededDB.csproj", "{74596483-6630-4990-BB9E-DD5EBFF1C169}"
EndProject
Project("{FAE04EC0-301F-11D3-BF4B-00C04F79EFBC}") = "EkushApp.Model", "EkushApp.Model\EkushApp.Model.csproj", "{0D3F594D-5102-4555-87BE-73D259F6EF06}"
EndProject
Global
	GlobalSection(SolutionConfigurationPlatforms) = preSolution
		Debug|Any CPU = Debug|Any CPU
		Release|Any CPU = Release|Any CPU
	EndGlobalSection
	GlobalSection(ProjectConfigurationPlatforms) = postSolution
		{6865601C-0B94-487C-AB0A-78E2195EDDDA}.Debug|Any CPU.ActiveCfg = Debug|Any CPU
		{6865601C-0B94-487C-AB0A-78E2195EDDDA}.Debug|Any CPU.Build.0 = Debug|Any CPU
		{6865601C-0B94-487C-AB0A-78E2195EDDDA}.Release|Any CPU.ActiveCfg = Release|Any CPU
		{6865601C-0B94-487C-AB0A-78E2195EDDDA}.Release|Any CPU.Build.0 = Release|Any CPU
		{91914D22-6E6C-4292-9092-37931B1DBF65}.Debug|Any CPU.ActiveCfg = Debug|Any CPU
		{91914D22-6E6C-4292-9092-37931B1DBF65}.Debug|Any CPU.Build.0 = Debug|Any CPU
		{91914D22-6E6C-4292-9092-37931B1DBF65}.Release|Any CPU.ActiveCfg = Release|Any CPU
		{91914D22-6E6C-4292-9092-37931B1DBF65}.Release|Any CPU.Build.0 = Release|Any CPU
		{446DBFB2-A153-4A98-88EA-883D7B8BDCF1}.Debug|Any CPU.ActiveCfg = Debug|Any CPU
		{446DBFB2-A153-4A98-88EA-883D7B8BDCF1}.Debug|Any CPU.Build.0 = Debug|Any CPU
		{446DBFB2-A153-4A98-88EA-883D7B8BDCF1}.Release|Any CPU.ActiveCfg = Release|Any CPU
		{446DBFB2-A153-4A98-88EA-883D7B8BDCF1}.Release|Any CPU.Build.0 = Release|Any CPU
		{93F79FCA-4502-472B-A3AD-EE69F941EDEA}.Debug|Any CPU.ActiveCfg = Debug|Any CPU
		{93F79FCA-4502-472B-A3AD-EE69F941EDEA}.Debug|Any CPU.Build.0 = Debug|Any CPU
		{93F79FCA-4502-472B-A3AD-EE69F941EDEA}.Release|Any CPU.ActiveCfg = Release|Any CPU
		{93F79FCA-4502-472B-A3AD-EE69F941EDEA}.Release|Any CPU.Build.0 = Release|Any CPU
		{5155F1FD-7A71-4E7C-AF47-18C6B250B342}.Debug|Any CPU.ActiveCfg = Debug|Any CPU
		{5155F1FD-7A71-4E7C-AF47-18C6B250B342}.Debug|Any CPU.Build.0 = Debug|Any CPU
		{5155F1FD-7A71-4E7C-AF47-18C6B250B342}.Release|Any CPU.ActiveCfg = Release|Any CPU
		{5155F1FD-7A71-4E7C-AF47-18C6B250B342}.Release|Any CPU.Build.0 = Release|Any CPU
		{D2ED810A-9246-4F83-84E0-92B75DFC903D}.Debug|Any CPU.ActiveCfg = Debug|Any CPU
		{D2ED810A-9246-4F83-84E0-92B75DFC903D}.Debug|Any CPU.Build.0 = Debug|Any CPU
		{D2ED810A-9246-4F83-84E0-92B75DFC903D}.Release|Any CPU.ActiveCfg = Release|Any CPU
		{D2ED810A-9246-4F83-84E0-92B75DFC903D}.Release|Any CPU.Build.0 = Release|Any CPU
		{3E51F096-5B92-4E61-9598-73ACAA9475F8}.Debug|Any CPU.ActiveCfg = Debug|Any CPU
		{3E51F096-5B92-4E61-9598-73ACAA9475F8}.Debug|Any CPU.Build.0 = Debug|Any CPU
		{3E51F096-5B92-4E61-9598-73ACAA9475F8}.Release|Any CPU.ActiveCfg = Release|Any CPU
		{3E51F096-5B92-4E61-9598-73ACAA9475F8}.Release|Any CPU.Build.0 = Release|Any CPU
		{74596483-6630-4990-BB9E-DD5EBFF1C169}.Debug|Any CPU.ActiveCfg = Debug|Any CPU
		{74596483-6630-4990-BB9E-DD5EBFF1C169}.Debug|Any CPU.Build.0 = Debug|Any CPU
		{74596483-6630-4990-BB9E-DD5EBFF1C169}.Release|Any CPU.ActiveCfg = Release|Any CPU
		{74596483-6630-4990-BB9E-DD5EBFF1C169}.Release|Any CPU.Build.0 = Release|Any CPU
		{0D3F594D-5102-4555-87BE-73D259F6EF06}.Debug|Any CPU.ActiveCfg = Debug|Any CPU
		{0D3F594D-5102-4555-87BE-73D259F6EF06}.Debug|Any CPU.Build.0 = Debug|Any CPU
		{0D3F594D-5102-4555-87BE-73D259F6EF06}.Release|Any CPU.ActiveCfg = Release|Any CPU
		{0D3F594D-5102-4555-87BE-73D259F6EF06}.Release|Any CPU.Build.0 = Release|Any CPU
	EndGlobalSection
	GlobalSection(SolutionProperties) = preSolution
		HideSolutionNode = FALSE
	EndGlobalSection
	GlobalSection(NestedProjects) = preSolution
		{74596483-6630-4990-BB9E-DD5EBFF1C169} = {10297B3E-9EBA-4D69-A72D-C40589293C0A}
		{0D3F594D-5102-4555-87BE-73D259F6EF06} = {10297B3E-9EBA-4D69-A72D-C40589293C0A}
		{91914D22-6E6C-4292-9092-37931B1DBF65} = {77906AD2-31B6-49E5-A881-2D5287A56A4C}
		{446DBFB2-A153-4A98-88EA-883D7B8BDCF1} = {77906AD2-31B6-49E5-A881-2D5287A56A4C}
		{93F79FCA-4502-472B-A3AD-EE69F941EDEA} = {77906AD2-31B6-49E5-A881-2D5287A56A4C}
		{5155F1FD-7A71-4E7C-AF47-18C6B250B342} = {77906AD2-31B6-49E5-A881-2D5287A56A4C}
		{D2ED810A-9246-4F83-84E0-92B75DFC903D} = {77906AD2-31B6-49E5-A881-2D5287A56A4C}
		{6865601C-0B94-487C-AB0A-78E2195EDDDA} = {2B9A7787-09B9-47C6-8179-56ABA66F5B9A}
		{3E51F096-5B92-4E61-9598-73ACAA9475F8} = {2B9A7787-09B9-47C6-8179-56ABA66F5B9A}
	EndGlobalSection
EndGlobal
